
Microsoft Visual Studio Solution File, Format Version 12.00
# Visual Studio Version 17
VisualStudioVersion = 17.11.35208.52
MinimumVisualStudioVersion = 10.0.40219.1
Project("{888888A0-9F3D-457C-B088-3A5042F75D52}") = "SecretMessage", "SecretMessage\SecretMessage.pyproj", "{C95F9385-0150-4251-8B3C-FE48AEE756B7}"
EndProject
Global
	GlobalSection(SolutionConfigurationPlatforms) = preSolution
		Debug|Any CPU = Debug|Any CPU
		Release|Any CPU = Release|Any CPU
	EndGlobalSection
	GlobalSection(ProjectConfigurationPlatforms) = postSolution
		{C95F9385-0150-4251-8B3C-FE48AEE756B7}.Debug|Any CPU.ActiveCfg = Debug|Any CPU
		{C95F9385-0150-4251-8B3C-FE48AEE756B7}.Release|Any CPU.ActiveCfg = Release|Any CPU
	EndGlobalSection
	GlobalSection(SolutionProperties) = preSolution
		HideSolutionNode = FALSE
	EndGlobalSection
	GlobalSection(ExtensibilityGlobals) = postSolution
		SolutionGuid = {3221CEB7-B24B-4107-87C4-5DBF7B1AF811}
	EndGlobalSection
EndGlobal
